
Microsoft Visual Studio Solution File, Format Version 12.00
# Visual Studio Version 17
VisualStudioVersion = 17.5.33516.290
MinimumVisualStudioVersion = 10.0.40219.1
Project("{FAE04EC0-301F-11D3-BF4B-00C04F79EFBC}") = "aspnet01_webapp", "aspnet01_webapp\aspnet01_webapp.csproj", "{41A46727-7830-40F1-AD02-EDD7AD89501D}"
EndProject
Project("{FAE04EC0-301F-11D3-BF4B-00C04F79EFBC}") = "aspnet02_boardapp", "aspnet02_boardapp\aspnet02_boardapp.csproj", "{5F29BE47-E1AF-46FF-8204-CC763D9B98D2}"
EndProject
Global
	GlobalSection(SolutionConfigurationPlatforms) = preSolution
		Debug|Any CPU = Debug|Any CPU
		Release|Any CPU = Release|Any CPU
	EndGlobalSection
	GlobalSection(ProjectConfigurationPlatforms) = postSolution
		{41A46727-7830-40F1-AD02-EDD7AD89501D}.Debug|Any CPU.ActiveCfg = Debug|Any CPU
		{41A46727-7830-40F1-AD02-EDD7AD89501D}.Debug|Any CPU.Build.0 = Debug|Any CPU
		{41A46727-7830-40F1-AD02-EDD7AD89501D}.Release|Any CPU.ActiveCfg = Release|Any CPU
		{41A46727-7830-40F1-AD02-EDD7AD89501D}.Release|Any CPU.Build.0 = Release|Any CPU
		{5F29BE47-E1AF-46FF-8204-CC763D9B98D2}.Debug|Any CPU.ActiveCfg = Debug|Any CPU
		{5F29BE47-E1AF-46FF-8204-CC763D9B98D2}.Debug|Any CPU.Build.0 = Debug|Any CPU
		{5F29BE47-E1AF-46FF-8204-CC763D9B98D2}.Release|Any CPU.ActiveCfg = Release|Any CPU
		{5F29BE47-E1AF-46FF-8204-CC763D9B98D2}.Release|Any CPU.Build.0 = Release|Any CPU
	EndGlobalSection
	GlobalSection(SolutionProperties) = preSolution
		HideSolutionNode = FALSE
	EndGlobalSection
	GlobalSection(ExtensibilityGlobals) = postSolution
		SolutionGuid = {9BA943E2-B8BD-4B12-BFBE-FA3E1DF0E495}
	EndGlobalSection
EndGlobal
